
Microsoft Visual Studio Solution File, Format Version 12.00
# Visual Studio 15
VisualStudioVersion = 15.0.27004.2008
MinimumVisualStudioVersion = 10.0.40219.1
Project("{9A19103F-16F7-4668-BE54-9A1E7A4F7556}") = "Caminho-Maximo1", "Caminho-Maximo1\Caminho-Maximo1.csproj", "{539731A9-848A-4681-B0BC-7CFC164EA2F5}"
EndProject
Global
	GlobalSection(SolutionConfigurationPlatforms) = preSolution
		Debug|Any CPU = Debug|Any CPU
		Release|Any CPU = Release|Any CPU
	EndGlobalSection
	GlobalSection(ProjectConfigurationPlatforms) = postSolution
		{539731A9-848A-4681-B0BC-7CFC164EA2F5}.Debug|Any CPU.ActiveCfg = Debug|Any CPU
		{539731A9-848A-4681-B0BC-7CFC164EA2F5}.Debug|Any CPU.Build.0 = Debug|Any CPU
		{539731A9-848A-4681-B0BC-7CFC164EA2F5}.Release|Any CPU.ActiveCfg = Release|Any CPU
		{539731A9-848A-4681-B0BC-7CFC164EA2F5}.Release|Any CPU.Build.0 = Release|Any CPU
	EndGlobalSection
	GlobalSection(SolutionProperties) = preSolution
		HideSolutionNode = FALSE
	EndGlobalSection
	GlobalSection(ExtensibilityGlobals) = postSolution
		SolutionGuid = {2F96D645-68A7-4C3C-AED5-20C519B677DD}
	EndGlobalSection
EndGlobal
